
Microsoft Visual Studio Solution File, Format Version 12.00
# Visual Studio 15
VisualStudioVersion = 15.0.28307.902
MinimumVisualStudioVersion = 10.0.40219.1
Project("{FAE04EC0-301F-11D3-BF4B-00C04F79EFBC}") = "Dragatron_Angular", "Dragatron_Angular\Dragatron_Angular.csproj", "{A08E6F20-70C3-47BA-91E0-B5DBA8F1DDA4}"
EndProject
Global
	GlobalSection(SolutionConfigurationPlatforms) = preSolution
		Debug|Any CPU = Debug|Any CPU
		Release|Any CPU = Release|Any CPU
	EndGlobalSection
	GlobalSection(ProjectConfigurationPlatforms) = postSolution
		{A08E6F20-70C3-47BA-91E0-B5DBA8F1DDA4}.Debug|Any CPU.ActiveCfg = Debug|Any CPU
		{A08E6F20-70C3-47BA-91E0-B5DBA8F1DDA4}.Debug|Any CPU.Build.0 = Debug|Any CPU
		{A08E6F20-70C3-47BA-91E0-B5DBA8F1DDA4}.Release|Any CPU.ActiveCfg = Release|Any CPU
		{A08E6F20-70C3-47BA-91E0-B5DBA8F1DDA4}.Release|Any CPU.Build.0 = Release|Any CPU
	EndGlobalSection
	GlobalSection(SolutionProperties) = preSolution
		HideSolutionNode = FALSE
	EndGlobalSection
	GlobalSection(ExtensibilityGlobals) = postSolution
		SolutionGuid = {B8CE4E8F-DDF7-4C8C-A1B2-53F3648544B9}
	EndGlobalSection
EndGlobal
